{
	"name": "@azure/multiapi-test",
	"version": "1.0.0",
	"lockfileVersion": 1,
	"requires": true,
	"dependencies": {
		"@types/body-parser": {
			"version": "1.17.0",
			"resolved": "https://registry.npmjs.org/@types/body-parser/-/body-parser-1.17.0.tgz",
			"integrity": "sha512-a2+YeUjPkztKJu5aIF2yArYFQQp8d51wZ7DavSHjFuY1mqVgidGyzEQ41JIVNy82fXj8yPgy2vJmfIywgESW6w==",
			"requires": {
				"@types/connect": "*",
				"@types/node": "*"
			}
		},
		"@types/connect": {
			"version": "3.4.32",
			"resolved": "https://registry.npmjs.org/@types/connect/-/connect-3.4.32.tgz",
			"integrity": "sha512-4r8qa0quOvh7lGD0pre62CAb1oni1OO6ecJLGCezTmhQ8Fz50Arx9RUszryR8KlgK6avuSXvviL6yWyViQABOg==",
			"requires": {
				"@types/node": "*"
			}
		},
		"@types/estree": {
			"version": "0.0.39",
			"resolved": "https://registry.npmjs.org/@types/estree/-/estree-0.0.39.tgz",
			"integrity": "sha512-EYNwp3bU+98cpU4lAWYYL7Zz+2gryWH1qbdDTidVd6hkiR6weksdbMadyXKXNPEkQFhXM+hVO9ZygomHXp+AIw==",
			"dev": true
		},
		"@types/events": {
			"version": "1.2.0",
			"resolved": "https://registry.npmjs.org/@types/events/-/events-1.2.0.tgz",
			"integrity": "sha512-KEIlhXnIutzKwRbQkGWb/I4HFqBuUykAdHgDED6xqwXJfONCjF5VoE0cXEiurh3XauygxzeDzgtXUqvLkxFzzA=="
		},
		"@types/express": {
			"version": "4.16.0",
			"resolved": "https://registry.npmjs.org/@types/express/-/express-4.16.0.tgz",
			"integrity": "sha512-TtPEYumsmSTtTetAPXlJVf3kEqb6wZK0bZojpJQrnD/djV4q1oB6QQ8aKvKqwNPACoe02GNiy5zDzcYivR5Z2w==",
			"requires": {
				"@types/body-parser": "*",
				"@types/express-serve-static-core": "*",
				"@types/serve-static": "*"
			}
		},
		"@types/express-serve-static-core": {
			"version": "4.16.0",
			"resolved": "https://registry.npmjs.org/@types/express-serve-static-core/-/express-serve-static-core-4.16.0.tgz",
			"integrity": "sha512-lTeoCu5NxJU4OD9moCgm0ESZzweAx0YqsAcab6OB0EB3+As1OaHtKnaGJvcngQxYsi9UNv0abn4/DRavrRxt4w==",
			"requires": {
				"@types/events": "*",
				"@types/node": "*",
				"@types/range-parser": "*"
			}
		},
		"@types/form-data": {
			"version": "2.2.1",
			"resolved": "https://registry.npmjs.org/@types/form-data/-/form-data-2.2.1.tgz",
			"integrity": "sha512-JAMFhOaHIciYVh8fb5/83nmuO/AHwmto+Hq7a9y8FzLDcC1KCU344XDOMEmahnrTFlHjgh4L0WJFczNIX2GxnQ==",
			"requires": {
				"@types/node": "*"
			}
		},
		"@types/mime": {
			"version": "2.0.0",
			"resolved": "https://registry.npmjs.org/@types/mime/-/mime-2.0.0.tgz",
			"integrity": "sha512-A2TAGbTFdBw9azHbpVd+/FkdW2T6msN1uct1O9bH3vTerEHKZhTXJUQXy+hNq1B0RagfU8U+KBdqiZpxjhOUQA=="
		},
		"@types/node": {
			"version": "9.6.32",
			"resolved": "https://registry.npmjs.org/@types/node/-/node-9.6.32.tgz",
			"integrity": "sha512-5+L3wQ+FHoQ589EaH6rYICleuj8gnunq+1CJkM9fxklirErIOv+kxm3s/vecYnpJOYnFowE5uUizcb3hgjHUug=="
		},
		"@types/range-parser": {
			"version": "1.2.2",
			"resolved": "https://registry.npmjs.org/@types/range-parser/-/range-parser-1.2.2.tgz",
			"integrity": "sha512-HtKGu+qG1NPvYe1z7ezLsyIaXYyi8SoAVqWDZgDQ8dLrsZvSzUNCwZyfX33uhWxL/SU0ZDQZ3nwZ0nimt507Kw=="
		},
		"@types/serve-static": {
			"version": "1.13.2",
			"resolved": "https://registry.npmjs.org/@types/serve-static/-/serve-static-1.13.2.tgz",
			"integrity": "sha512-/BZ4QRLpH/bNYgZgwhKEh+5AsboDBcUdlBYgzoLX0fpj3Y2gp6EApyOlM3bK53wQS/OE1SrdSYBAbux2D1528Q==",
			"requires": {
				"@types/express-serve-static-core": "*",
				"@types/mime": "*"
			}
		},
		"@types/uuid": {
			"version": "3.4.4",
			"resolved": "https://registry.npmjs.org/@types/uuid/-/uuid-3.4.4.tgz",
			"integrity": "sha512-tPIgT0GUmdJQNSHxp0X2jnpQfBSTfGxUMc/2CXBU2mnyTFVYVa2ojpoQ74w0U2yn2vw3jnC640+77lkFFpdVDw==",
			"requires": {
				"@types/node": "*"
			}
		},
		"arr-flatten": {
			"version": "1.1.0",
			"resolved": "https://registry.npmjs.org/arr-flatten/-/arr-flatten-1.1.0.tgz",
			"integrity": "sha512-L3hKV5R/p5o81R7O02IGnwpDmkp6E982XhtbuwSe3O4qOtMMMtodicASA1Cny2U+aCXcNpml+m4dPsvsJ3jatg==",
			"dev": true
		},
		"asynckit": {
			"version": "0.4.0",
			"resolved": "https://registry.npmjs.org/asynckit/-/asynckit-0.4.0.tgz",
			"integrity": "sha1-x57Zf380y48robyXkLzDZkdLS3k="
		},
		"axios": {
			"version": "0.18.0",
			"resolved": "http://registry.npmjs.org/axios/-/axios-0.18.0.tgz",
			"integrity": "sha1-MtU+SFHv3AoRmTts0AB4nXDAUQI=",
			"requires": {
				"follow-redirects": "^1.3.0",
				"is-buffer": "^1.1.5"
			}
		},
		"builtin-modules": {
			"version": "2.0.0",
			"resolved": "https://registry.npmjs.org/builtin-modules/-/builtin-modules-2.0.0.tgz",
			"integrity": "sha512-3U5kUA5VPsRUA3nofm/BXX7GVHKfxz0hOBAPxXrIvHzlDRkQVqEn6yi8QJegxl4LzOHLdvb7XF5dVawa/VVYBg==",
			"dev": true
		},
		"combined-stream": {
			"version": "1.0.6",
			"resolved": "http://registry.npmjs.org/combined-stream/-/combined-stream-1.0.6.tgz",
			"integrity": "sha1-cj599ugBrFYTETp+RFqbactjKBg=",
			"requires": {
				"delayed-stream": "~1.0.0"
			}
		},
		"debug": {
			"version": "3.1.0",
			"resolved": "https://registry.npmjs.org/debug/-/debug-3.1.0.tgz",
			"integrity": "sha512-OX8XqP7/1a9cqkxYw2yXss15f26NKWBpDXQd0/uK/KPqdQhxbPa994hnzjcE2VqQpDslf55723cKPUOGSmMY3g==",
			"requires": {
				"ms": "2.0.0"
			}
		},
		"delayed-stream": {
			"version": "1.0.0",
			"resolved": "https://registry.npmjs.org/delayed-stream/-/delayed-stream-1.0.0.tgz",
			"integrity": "sha1-3zrhmayt+31ECqrgsp4icrJOxhk="
		},
		"estree-walker": {
			"version": "0.5.2",
			"resolved": "https://registry.npmjs.org/estree-walker/-/estree-walker-0.5.2.tgz",
			"integrity": "sha512-XpCnW/AE10ws/kDAs37cngSkvgIR8aN3G0MS85m7dUpuK2EREo9VJ00uvw6Dg/hXEpfsE1I1TvJOJr+Z+TL+ig==",
			"dev": true
		},
		"expand-range": {
			"version": "1.8.2",
			"resolved": "https://registry.npmjs.org/expand-range/-/expand-range-1.8.2.tgz",
			"integrity": "sha1-opnv/TNf4nIeuujiV+x5ZE/IUzc=",
			"dev": true,
			"requires": {
				"fill-range": "^2.1.0"
			},
			"dependencies": {
				"fill-range": {
					"version": "2.2.4",
					"resolved": "https://registry.npmjs.org/fill-range/-/fill-range-2.2.4.tgz",
					"integrity": "sha512-cnrcCbj01+j2gTG921VZPnHbjmdAf8oQV/iGeV2kZxGSyfYjjTyY79ErsK1WJWMpw6DaApEX72binqJE+/d+5Q==",
					"dev": true,
					"requires": {
						"is-number": "^2.1.0",
						"isobject": "^2.0.0",
						"randomatic": "^3.0.0",
						"repeat-element": "^1.1.2",
						"repeat-string": "^1.5.2"
					}
				},
				"is-number": {
					"version": "2.1.0",
					"resolved": "https://registry.npmjs.org/is-number/-/is-number-2.1.0.tgz",
					"integrity": "sha1-Afy7s5NGOlSPL0ZszhbezknbkI8=",
					"dev": true,
					"requires": {
						"kind-of": "^3.0.2"
					}
				},
				"isobject": {
					"version": "2.1.0",
					"resolved": "https://registry.npmjs.org/isobject/-/isobject-2.1.0.tgz",
					"integrity": "sha1-8GVWEJaj8dou9GJy+BXIQNh+DIk=",
					"dev": true,
					"requires": {
						"isarray": "1.0.0"
					}
				},
				"kind-of": {
					"version": "3.2.2",
					"resolved": "https://registry.npmjs.org/kind-of/-/kind-of-3.2.2.tgz",
					"integrity": "sha1-MeohpzS6ubuw8yRm2JOupR5KPGQ=",
					"dev": true,
					"requires": {
						"is-buffer": "^1.1.5"
					}
				}
			}
		},
		"filename-regex": {
			"version": "2.0.1",
			"resolved": "https://registry.npmjs.org/filename-regex/-/filename-regex-2.0.1.tgz",
			"integrity": "sha1-wcS5vuPglyXdsQa3XB4wH+LxiyY=",
			"dev": true
		},
		"follow-redirects": {
			"version": "1.5.8",
			"resolved": "https://registry.npmjs.org/follow-redirects/-/follow-redirects-1.5.8.tgz",
			"integrity": "sha512-sy1mXPmv7kLAMKW/8XofG7o9T+6gAjzdZK4AJF6ryqQYUa/hnzgiypoeUecZ53x7XiqKNEpNqLtS97MshW2nxg==",
			"requires": {
				"debug": "=3.1.0"
			}
		},
		"for-in": {
			"version": "1.0.2",
			"resolved": "https://registry.npmjs.org/for-in/-/for-in-1.0.2.tgz",
			"integrity": "sha1-gQaNKVqBQuwKxybG4iAMMPttXoA=",
			"dev": true
		},
		"for-own": {
			"version": "0.1.5",
			"resolved": "https://registry.npmjs.org/for-own/-/for-own-0.1.5.tgz",
			"integrity": "sha1-UmXGgaTylNq78XyVCbZ2OqhFEM4=",
			"dev": true,
			"requires": {
				"for-in": "^1.0.1"
			}
		},
		"form-data": {
			"version": "2.3.2",
			"resolved": "https://registry.npmjs.org/form-data/-/form-data-2.3.2.tgz",
			"integrity": "sha1-SXBJi+YEwgwAXU9cI67NIda0kJk=",
			"requires": {
				"asynckit": "^0.4.0",
				"combined-stream": "1.0.6",
				"mime-types": "^2.1.12"
			}
		},
		"glob-base": {
			"version": "0.3.0",
			"resolved": "https://registry.npmjs.org/glob-base/-/glob-base-0.3.0.tgz",
			"integrity": "sha1-27Fk9iIbHAscz4Kuoyi0l98Oo8Q=",
			"dev": true,
			"requires": {
				"glob-parent": "^2.0.0",
				"is-glob": "^2.0.0"
			},
			"dependencies": {
				"glob-parent": {
					"version": "2.0.0",
					"resolved": "https://registry.npmjs.org/glob-parent/-/glob-parent-2.0.0.tgz",
					"integrity": "sha1-gTg9ctsFT8zPUzbaqQLxgvbtuyg=",
					"dev": true,
					"requires": {
						"is-glob": "^2.0.0"
					}
				},
				"is-extglob": {
					"version": "1.0.0",
					"resolved": "https://registry.npmjs.org/is-extglob/-/is-extglob-1.0.0.tgz",
					"integrity": "sha1-rEaBd8SUNAWgkvyPKXYMb/xiBsA=",
					"dev": true
				},
				"is-glob": {
					"version": "2.0.1",
					"resolved": "https://registry.npmjs.org/is-glob/-/is-glob-2.0.1.tgz",
					"integrity": "sha1-0Jb5JqPe1WAPP9/ZEZjLCIjC2GM=",
					"dev": true,
					"requires": {
						"is-extglob": "^1.0.0"
					}
				}
			}
		},
		"is-buffer": {
			"version": "1.1.6",
			"resolved": "https://registry.npmjs.org/is-buffer/-/is-buffer-1.1.6.tgz",
			"integrity": "sha512-NcdALwpXkTm5Zvvbk7owOUSvVvBKDgKP5/ewfXEznmQFfs4ZRmanOeKBTjRVjka3QFoN6XJ+9F3USqfHqTaU5w=="
		},
		"is-dotfile": {
			"version": "1.0.3",
			"resolved": "https://registry.npmjs.org/is-dotfile/-/is-dotfile-1.0.3.tgz",
			"integrity": "sha1-pqLzL/0t+wT1yiXs0Pa4PPeYoeE=",
			"dev": true
		},
		"is-equal-shallow": {
			"version": "0.1.3",
			"resolved": "https://registry.npmjs.org/is-equal-shallow/-/is-equal-shallow-0.1.3.tgz",
			"integrity": "sha1-IjgJj8Ih3gvPpdnqxMRdY4qhxTQ=",
			"dev": true,
			"requires": {
				"is-primitive": "^2.0.0"
			}
		},
		"is-extendable": {
			"version": "0.1.1",
			"resolved": "https://registry.npmjs.org/is-extendable/-/is-extendable-0.1.1.tgz",
			"integrity": "sha1-YrEQ4omkcUGOPsNqYX1HLjAd/Ik=",
			"dev": true
		},
		"is-module": {
			"version": "1.0.0",
			"resolved": "https://registry.npmjs.org/is-module/-/is-module-1.0.0.tgz",
			"integrity": "sha1-Mlj7afeMFNW4FdZkM2tM/7ZEFZE=",
			"dev": true
		},
		"is-posix-bracket": {
			"version": "0.1.1",
			"resolved": "https://registry.npmjs.org/is-posix-bracket/-/is-posix-bracket-0.1.1.tgz",
			"integrity": "sha1-MzTceXdDaOkvAW5vvAqI9c1ua8Q=",
			"dev": true
		},
		"is-primitive": {
			"version": "2.0.0",
			"resolved": "https://registry.npmjs.org/is-primitive/-/is-primitive-2.0.0.tgz",
			"integrity": "sha1-IHurkWOEmcB7Kt8kCkGochADRXU=",
			"dev": true
		},
		"isarray": {
			"version": "1.0.0",
			"resolved": "https://registry.npmjs.org/isarray/-/isarray-1.0.0.tgz",
			"integrity": "sha1-u5NdSFgsuhaMBoNJV6VKPgcSTxE=",
			"dev": true
		},
		"kind-of": {
			"version": "6.0.2",
			"resolved": "https://registry.npmjs.org/kind-of/-/kind-of-6.0.2.tgz",
			"integrity": "sha512-s5kLOcnH0XqDO+FvuaLX8DDjZ18CGFk7VygH40QoKPUQhW4e2rvM0rwUq0t8IQDOwYSeLK01U90OjzBTme2QqA==",
			"dev": true
		},
		"magic-string": {
			"version": "0.22.5",
			"resolved": "http://registry.npmjs.org/magic-string/-/magic-string-0.22.5.tgz",
			"integrity": "sha512-oreip9rJZkzvA8Qzk9HFs8fZGF/u7H/gtrE8EN6RjKJ9kh2HlC+yQ2QezifqTZfGyiuAV0dRv5a+y/8gBb1m9w==",
			"dev": true,
			"requires": {
				"vlq": "^0.2.2"
			}
		},
		"math-random": {
			"version": "1.0.1",
			"resolved": "https://registry.npmjs.org/math-random/-/math-random-1.0.1.tgz",
			"integrity": "sha1-izqsWIuKZuSXXjzepn97sylgH6w=",
			"dev": true
		},
		"mime-db": {
			"version": "1.36.0",
			"resolved": "https://registry.npmjs.org/mime-db/-/mime-db-1.36.0.tgz",
			"integrity": "sha512-L+xvyD9MkoYMXb1jAmzI/lWYAxAMCPvIBSWur0PZ5nOf5euahRLVqH//FKW9mWp2lkqUgYiXPgkzfMUFi4zVDw=="
		},
		"mime-types": {
			"version": "2.1.20",
			"resolved": "https://registry.npmjs.org/mime-types/-/mime-types-2.1.20.tgz",
			"integrity": "sha512-HrkrPaP9vGuWbLK1B1FfgAkbqNjIuy4eHlIYnFi7kamZyLLrGlo2mpcx0bBmNpKqBtYtAfGbodDddIgddSJC2A==",
			"requires": {
				"mime-db": "~1.36.0"
			}
		},
		"ms": {
			"version": "2.0.0",
			"resolved": "https://registry.npmjs.org/ms/-/ms-2.0.0.tgz",
			"integrity": "sha1-VgiurfwAvmwpAd9fmGF4jeDVl8g="
		},
		"ms-rest-azure-js": {
			"version": "0.17.165",
			"resolved": "https://registry.npmjs.org/ms-rest-azure-js/-/ms-rest-azure-js-0.17.165.tgz",
			"integrity": "sha512-taoxSKArtNdLobW9g9wUxITmFcOuuqZciqe0TPn55dsBEeyLeeSHsA5KlGWK6hjx88D8qQwXTIf7uTvcQ75HGA==",
			"requires": {
				"ms-rest-js": "~0.22.422",
				"tslib": "^1.9.2"
			}
		},
		"ms-rest-js": {
			"version": "0.22.434",
			"resolved": "https://registry.npmjs.org/ms-rest-js/-/ms-rest-js-0.22.434.tgz",
			"integrity": "sha512-clxRfE0SnYegdWZoFMWcp9mq9ru3gRnJxa1R58jYApKh8qjrSO56PVOhdTum/qaEMy+LiBszaPCCO0+UrYYCDw==",
			"requires": {
				"@types/express": "^4.16.0",
				"@types/form-data": "^2.2.1",
				"@types/node": "^9.4.6",
				"@types/uuid": "^3.4.3",
				"axios": "^0.18.0",
				"form-data": "^2.3.2",
				"tough-cookie": "^2.4.3",
				"tslib": "^1.9.2",
				"uuid": "^3.2.1",
				"xml2js": "^0.4.19"
			}
		},
		"normalize-path": {
			"version": "2.1.1",
			"resolved": "https://registry.npmjs.org/normalize-path/-/normalize-path-2.1.1.tgz",
			"integrity": "sha1-GrKLVW4Zg2Oowab35vogE3/mrtk=",
			"dev": true,
			"requires": {
				"remove-trailing-separator": "^1.0.1"
			}
		},
		"object.omit": {
			"version": "2.0.1",
			"resolved": "https://registry.npmjs.org/object.omit/-/object.omit-2.0.1.tgz",
			"integrity": "sha1-Gpx0SCnznbuFjHbKNXmuKlTr0fo=",
			"dev": true,
			"requires": {
				"for-own": "^0.1.4",
				"is-extendable": "^0.1.1"
			}
		},
		"parse-glob": {
			"version": "3.0.4",
			"resolved": "https://registry.npmjs.org/parse-glob/-/parse-glob-3.0.4.tgz",
			"integrity": "sha1-ssN2z7EfNVE7rdFz7wu246OIORw=",
			"dev": true,
			"requires": {
				"glob-base": "^0.3.0",
				"is-dotfile": "^1.0.0",
				"is-extglob": "^1.0.0",
				"is-glob": "^2.0.0"
			},
			"dependencies": {
				"is-extglob": {
					"version": "1.0.0",
					"resolved": "https://registry.npmjs.org/is-extglob/-/is-extglob-1.0.0.tgz",
					"integrity": "sha1-rEaBd8SUNAWgkvyPKXYMb/xiBsA=",
					"dev": true
				},
				"is-glob": {
					"version": "2.0.1",
					"resolved": "https://registry.npmjs.org/is-glob/-/is-glob-2.0.1.tgz",
					"integrity": "sha1-0Jb5JqPe1WAPP9/ZEZjLCIjC2GM=",
					"dev": true,
					"requires": {
						"is-extglob": "^1.0.0"
					}
				}
			}
		},
		"path-parse": {
			"version": "1.0.6",
			"resolved": "https://registry.npmjs.org/path-parse/-/path-parse-1.0.6.tgz",
			"integrity": "sha512-GSmOT2EbHrINBf9SR7CDELwlJ8AENk3Qn7OikK4nFYAu3Ote2+JYNVvkpAEQm3/TLNEJFD/xZJjzyxg3KBWOzw==",
			"dev": true
		},
		"preserve": {
			"version": "0.2.0",
			"resolved": "https://registry.npmjs.org/preserve/-/preserve-0.2.0.tgz",
			"integrity": "sha1-gV7R9uvGWSb4ZbMQwHE7yzMVzks=",
			"dev": true
		},
		"psl": {
			"version": "1.1.29",
			"resolved": "https://registry.npmjs.org/psl/-/psl-1.1.29.tgz",
			"integrity": "sha512-AeUmQ0oLN02flVHXWh9sSJF7mcdFq0ppid/JkErufc3hGIV/AMa8Fo9VgDo/cT2jFdOWoFvHp90qqBH54W+gjQ=="
		},
		"punycode": {
			"version": "1.4.1",
			"resolved": "https://registry.npmjs.org/punycode/-/punycode-1.4.1.tgz",
			"integrity": "sha1-wNWmOycYgArY4esPpSachN1BhF4="
		},
		"randomatic": {
			"version": "3.1.0",
			"resolved": "https://registry.npmjs.org/randomatic/-/randomatic-3.1.0.tgz",
			"integrity": "sha512-KnGPVE0lo2WoXxIZ7cPR8YBpiol4gsSuOwDSg410oHh80ZMp5EiypNqL2K4Z77vJn6lB5rap7IkAmcUlalcnBQ==",
			"dev": true,
			"requires": {
				"is-number": "^4.0.0",
				"kind-of": "^6.0.0",
				"math-random": "^1.0.1"
			},
			"dependencies": {
				"is-number": {
					"version": "4.0.0",
					"resolved": "https://registry.npmjs.org/is-number/-/is-number-4.0.0.tgz",
					"integrity": "sha512-rSklcAIlf1OmFdyAqbnWTLVelsQ58uvZ66S/ZyawjWqIviTWCjg2PzVGw8WUA+nNuPTqb4wgA+NszrJ+08LlgQ==",
					"dev": true
				}
			}
		},
		"regex-cache": {
			"version": "0.4.4",
			"resolved": "https://registry.npmjs.org/regex-cache/-/regex-cache-0.4.4.tgz",
			"integrity": "sha512-nVIZwtCjkC9YgvWkpM55B5rBhBYRZhAaJbgcFYXXsHnbZ9UZI9nnVWYZpBlCqv9ho2eZryPnWrZGsOdPwVWXWQ==",
			"dev": true,
			"requires": {
				"is-equal-shallow": "^0.1.3"
			}
		},
		"remove-trailing-separator": {
			"version": "1.1.0",
			"resolved": "https://registry.npmjs.org/remove-trailing-separator/-/remove-trailing-separator-1.1.0.tgz",
			"integrity": "sha1-wkvOKig62tW8P1jg1IJJuSN52O8=",
			"dev": true
		},
		"repeat-element": {
			"version": "1.1.3",
			"resolved": "https://registry.npmjs.org/repeat-element/-/repeat-element-1.1.3.tgz",
			"integrity": "sha512-ahGq0ZnV5m5XtZLMb+vP76kcAM5nkLqk0lpqAuojSKGgQtn4eRi4ZZGm2olo2zKFH+sMsWaqOCW1dqAnOru72g==",
			"dev": true
		},
		"repeat-string": {
			"version": "1.6.1",
			"resolved": "https://registry.npmjs.org/repeat-string/-/repeat-string-1.6.1.tgz",
			"integrity": "sha1-jcrkcOHIirwtYA//Sndihtp15jc=",
			"dev": true
		},
		"resolve": {
			"version": "1.8.1",
			"resolved": "https://registry.npmjs.org/resolve/-/resolve-1.8.1.tgz",
			"integrity": "sha512-AicPrAC7Qu1JxPCZ9ZgCZlY35QgFnNqc+0LtbRNxnVw4TXvjQ72wnuL9JQcEBgXkI9JM8MsT9kaQoHcpCRJOYA==",
			"dev": true,
			"requires": {
				"path-parse": "^1.0.5"
			}
		},
		"rollup": {
			"version": "0.66.2",
			"resolved": "https://registry.npmjs.org/rollup/-/rollup-0.66.2.tgz",
			"integrity": "sha512-+rOLjWO170M3Y2jyyGU4ZJuTu1T1KuKNyH+RszHRzQdsuI5TulRbkSM4vlaMnwcxHm4XdgBNZ1mmNzhQIImbiQ==",
			"dev": true,
			"requires": {
				"@types/estree": "0.0.39",
				"@types/node": "*"
			}
		},
		"rollup-plugin-commonjs": {
			"version": "9.1.8",
			"resolved": "https://registry.npmjs.org/rollup-plugin-commonjs/-/rollup-plugin-commonjs-9.1.8.tgz",
			"integrity": "sha512-c3nAfVVyEwbq9OohIeQudfQQdGV9Cl1RE8MUc90fH9UdtCiWAYpI+au3HxGwNf1DdV51HfBjCDbT4fwjsZEUUg==",
			"dev": true,
			"requires": {
				"estree-walker": "^0.5.1",
				"magic-string": "^0.22.4",
				"resolve": "^1.5.0",
				"rollup-pluginutils": "^2.0.1"
			}
		},
		"rollup-plugin-json": {
			"version": "3.1.0",
			"resolved": "https://registry.npmjs.org/rollup-plugin-json/-/rollup-plugin-json-3.1.0.tgz",
			"integrity": "sha512-BlYk5VspvGpjz7lAwArVzBXR60JK+4EKtPkCHouAWg39obk9S61hZYJDBfMK+oitPdoe11i69TlxKlMQNFC/Uw==",
			"dev": true,
			"requires": {
				"rollup-pluginutils": "^2.3.1"
			}
		},
		"rollup-plugin-node-resolve": {
			"version": "3.4.0",
			"resolved": "https://registry.npmjs.org/rollup-plugin-node-resolve/-/rollup-plugin-node-resolve-3.4.0.tgz",
			"integrity": "sha512-PJcd85dxfSBWih84ozRtBkB731OjXk0KnzN0oGp7WOWcarAFkVa71cV5hTJg2qpVsV2U8EUwrzHP3tvy9vS3qg==",
			"dev": true,
			"requires": {
				"builtin-modules": "^2.0.0",
				"is-module": "^1.0.0",
				"resolve": "^1.1.6"
			}
		},
		"rollup-pluginutils": {
			"version": "2.3.3",
			"resolved": "https://registry.npmjs.org/rollup-pluginutils/-/rollup-pluginutils-2.3.3.tgz",
			"integrity": "sha512-2XZwja7b6P5q4RZ5FhyX1+f46xi1Z3qBKigLRZ6VTZjwbN0K1IFGMlwm06Uu0Emcre2Z63l77nq/pzn+KxIEoA==",
			"dev": true,
			"requires": {
				"estree-walker": "^0.5.2",
				"micromatch": "^2.3.11"
			},
			"dependencies": {
				"arr-diff": {
					"version": "2.0.0",
					"resolved": "https://registry.npmjs.org/arr-diff/-/arr-diff-2.0.0.tgz",
					"integrity": "sha1-jzuCf5Vai9ZpaX5KQlasPOrjVs8=",
					"dev": true,
					"requires": {
						"arr-flatten": "^1.0.1"
					}
				},
				"array-unique": {
					"version": "0.2.1",
					"resolved": "https://registry.npmjs.org/array-unique/-/array-unique-0.2.1.tgz",
					"integrity": "sha1-odl8yvy8JiXMcPrc6zalDFiwGlM=",
					"dev": true
				},
				"braces": {
					"version": "1.8.5",
					"resolved": "https://registry.npmjs.org/braces/-/braces-1.8.5.tgz",
					"integrity": "sha1-uneWLhLf+WnWt2cR6RS3N4V79qc=",
					"dev": true,
					"requires": {
						"expand-range": "^1.8.1",
						"preserve": "^0.2.0",
						"repeat-element": "^1.1.2"
					}
				},
				"expand-brackets": {
					"version": "0.1.5",
					"resolved": "https://registry.npmjs.org/expand-brackets/-/expand-brackets-0.1.5.tgz",
					"integrity": "sha1-3wcoTjQqgHzXM6xa9yQR5YHRF3s=",
					"dev": true,
					"requires": {
						"is-posix-bracket": "^0.1.0"
					}
				},
				"extglob": {
					"version": "0.3.2",
					"resolved": "https://registry.npmjs.org/extglob/-/extglob-0.3.2.tgz",
					"integrity": "sha1-Lhj/PS9JqydlzskCPwEdqo2DSaE=",
					"dev": true,
					"requires": {
						"is-extglob": "^1.0.0"
					}
				},
				"is-extglob": {
					"version": "1.0.0",
					"resolved": "https://registry.npmjs.org/is-extglob/-/is-extglob-1.0.0.tgz",
					"integrity": "sha1-rEaBd8SUNAWgkvyPKXYMb/xiBsA=",
					"dev": true
				},
				"is-glob": {
					"version": "2.0.1",
					"resolved": "https://registry.npmjs.org/is-glob/-/is-glob-2.0.1.tgz",
					"integrity": "sha1-0Jb5JqPe1WAPP9/ZEZjLCIjC2GM=",
					"dev": true,
					"requires": {
						"is-extglob": "^1.0.0"
					}
				},
				"kind-of": {
					"version": "3.2.2",
					"resolved": "https://registry.npmjs.org/kind-of/-/kind-of-3.2.2.tgz",
					"integrity": "sha1-MeohpzS6ubuw8yRm2JOupR5KPGQ=",
					"dev": true,
					"requires": {
						"is-buffer": "^1.1.5"
					}
				},
				"micromatch": {
					"version": "2.3.11",
					"resolved": "https://registry.npmjs.org/micromatch/-/micromatch-2.3.11.tgz",
					"integrity": "sha1-hmd8l9FyCzY0MdBNDRUpO9OMFWU=",
					"dev": true,
					"requires": {
						"arr-diff": "^2.0.0",
						"array-unique": "^0.2.1",
						"braces": "^1.8.2",
						"expand-brackets": "^0.1.4",
						"extglob": "^0.3.1",
						"filename-regex": "^2.0.0",
						"is-extglob": "^1.0.0",
						"is-glob": "^2.0.1",
						"kind-of": "^3.0.2",
						"normalize-path": "^2.0.1",
						"object.omit": "^2.0.0",
						"parse-glob": "^3.0.4",
						"regex-cache": "^0.4.2"
					}
				}
			}
		},
		"sax": {
			"version": "1.2.4",
			"resolved": "https://registry.npmjs.org/sax/-/sax-1.2.4.tgz",
			"integrity": "sha512-NqVDv9TpANUjFm0N8uM5GxL36UgKi9/atZw+x7YFnQ8ckwFGKrl4xX4yWtrey3UJm5nP1kUbnYgLopqWNSRhWw=="
		},
		"tough-cookie": {
			"version": "2.4.3",
			"resolved": "https://registry.npmjs.org/tough-cookie/-/tough-cookie-2.4.3.tgz",
			"integrity": "sha512-Q5srk/4vDM54WJsJio3XNn6K2sCG+CQ8G5Wz6bZhRZoAe/+TxjWB/GlFAnYEbkYVlON9FMk/fE3h2RLpPXo4lQ==",
			"requires": {
				"psl": "^1.1.24",
				"punycode": "^1.4.1"
			}
		},
		"tslib": {
			"version": "1.9.3",
			"resolved": "https://registry.npmjs.org/tslib/-/tslib-1.9.3.tgz",
			"integrity": "sha512-4krF8scpejhaOgqzBEcGM7yDIEfi0/8+8zDRZhNZZ2kjmHJ4hv3zCbQWxoJGz1iw5U0Jl0nma13xzHXcncMavQ=="
		},
		"typescript": {
			"version": "3.1.1",
			"resolved": "https://registry.npmjs.org/typescript/-/typescript-3.1.1.tgz",
			"integrity": "sha512-Veu0w4dTc/9wlWNf2jeRInNodKlcdLgemvPsrNpfu5Pq39sgfFjvIIgTsvUHCoLBnMhPoUA+tFxsXjU6VexVRQ==",
			"dev": true
		},
		"uglify-js": {
			"version": "3.4.9",
			"resolved": "https://registry.npmjs.org/uglify-js/-/uglify-js-3.4.9.tgz",
			"integrity": "sha512-8CJsbKOtEbnJsTyv6LE6m6ZKniqMiFWmm9sRbopbkGs3gMPPfd3Fh8iIA4Ykv5MgaTbqHr4BaoGLJLZNhsrW1Q==",
			"dev": true,
			"requires": {
				"commander": "~2.17.1",
				"source-map": "~0.6.1"
			},
			"dependencies": {
				"commander": {
					"version": "2.17.1",
					"resolved": "https://registry.npmjs.org/commander/-/commander-2.17.1.tgz",
					"integrity": "sha512-wPMUt6FnH2yzG95SA6mzjQOEKUU3aLaDEmzs1ti+1E9h+CsrZghRlqEM/EJ4KscsQVG8uNN4uVreUeT8+drlgg==",
					"dev": true
				},
				"source-map": {
					"version": "0.6.1",
					"resolved": "https://registry.npmjs.org/source-map/-/source-map-0.6.1.tgz",
					"integrity": "sha512-UjgapumWlbMhkBgzT7Ykc5YXUT46F0iKu8SGXq0bcwP5dz/h0Plj6enJqjz1Zbq2l5WaqYnrVbwWOWMyF3F47g==",
					"dev": true
				}
			}
		},
		"uuid": {
			"version": "3.3.2",
			"resolved": "https://registry.npmjs.org/uuid/-/uuid-3.3.2.tgz",
			"integrity": "sha512-yXJmeNaw3DnnKAOKJE51sL/ZaYfWJRl1pK9dr19YFCu0ObS231AB1/LbqTKRAQ5kw8A90rA6fr4riOUpTZvQZA=="
		},
		"vlq": {
			"version": "0.2.3",
			"resolved": "https://registry.npmjs.org/vlq/-/vlq-0.2.3.tgz",
			"integrity": "sha512-DRibZL6DsNhIgYQ+wNdWDL2SL3bKPlVrRiBqV5yuMm++op8W4kGFtaQfCs4KEJn0wBZcHVHJ3eoywX8983k1ow==",
			"dev": true
		},
		"xml2js": {
			"version": "0.4.19",
			"resolved": "https://registry.npmjs.org/xml2js/-/xml2js-0.4.19.tgz",
			"integrity": "sha512-esZnJZJOiJR9wWKMyuvSE1y6Dq5LCuJanqhxslH2bxM6duahNZ+HMpCLhBQGZkbX6xRf8x1Y2eJlgt2q3qo49Q==",
			"requires": {
				"sax": ">=0.6.0",
				"xmlbuilder": "~9.0.1"
			}
		},
		"xmlbuilder": {
			"version": "9.0.7",
			"resolved": "https://registry.npmjs.org/xmlbuilder/-/xmlbuilder-9.0.7.tgz",
			"integrity": "sha1-Ey7mPS7FVlxVfiD0wi35rKaGsQ0="
		}
	}
}
